Microsoft Visual Studio Solution File, Format Version 12.00
# Visual Studio Version 17
VisualStudioVersion = 17.5.2.0
MinimumVisualStudioVersion = 10.0.40219.1
Project("{FAE04EC0-301F-11D3-BF4B-00C04F79EFBC}") = "LiquidTemplateDebugger", "LiquidTemplateDebugger.csproj", "{AFBE151F-2AA5-A035-CF64-AF6B9734DF43}"
EndProject
Global
	GlobalSection(SolutionConfigurationPlatforms) = preSolution
		Debug|Any CPU = Debug|Any CPU
		Release|Any CPU = Release|Any CPU
	EndGlobalSection
	GlobalSection(ProjectConfigurationPlatforms) = postSolution
		{AFBE151F-2AA5-A035-CF64-AF6B9734DF43}.Debug|Any CPU.ActiveCfg = Debug|Any CPU
		{AFBE151F-2AA5-A035-CF64-AF6B9734DF43}.Debug|Any CPU.Build.0 = Debug|Any CPU
		{AFBE151F-2AA5-A035-CF64-AF6B9734DF43}.Release|Any CPU.ActiveCfg = Release|Any CPU
		{AFBE151F-2AA5-A035-CF64-AF6B9734DF43}.Release|Any CPU.Build.0 = Release|Any CPU
	EndGlobalSection
	GlobalSection(SolutionProperties) = preSolution
		HideSolutionNode = FALSE
	EndGlobalSection
	GlobalSection(ExtensibilityGlobals) = postSolution
		SolutionGuid = {F86B1628-721F-4DD7-A9F4-312CF84C4451}
	EndGlobalSection
EndGlobal
